
Microsoft Visual Studio Solution File, Format Version 12.00
# Visual Studio Version 17
VisualStudioVersion = 17.10.34928.147
MinimumVisualStudioVersion = 10.0.40219.1
Project("{FAE04EC0-301F-11D3-BF4B-00C04F79EFBC}") = "HttpServer", "HttpServer.csproj", "{A8219A27-EC02-4504-8B9F-1B7C7716901D}"
EndProject
Global
	GlobalSection(SolutionConfigurationPlatforms) = preSolution
		Debug|Any CPU = Debug|Any CPU
		Release|Any CPU = Release|Any CPU
	EndGlobalSection
	GlobalSection(ProjectConfigurationPlatforms) = postSolution
		{A8219A27-EC02-4504-8B9F-1B7C7716901D}.Debug|Any CPU.ActiveCfg = Debug|Any CPU
		{A8219A27-EC02-4504-8B9F-1B7C7716901D}.Debug|Any CPU.Build.0 = Debug|Any CPU
		{A8219A27-EC02-4504-8B9F-1B7C7716901D}.Release|Any CPU.ActiveCfg = Release|Any CPU
		{A8219A27-EC02-4504-8B9F-1B7C7716901D}.Release|Any CPU.Build.0 = Release|Any CPU
	EndGlobalSection
	GlobalSection(SolutionProperties) = preSolution
		HideSolutionNode = FALSE
	EndGlobalSection
	GlobalSection(ExtensibilityGlobals) = postSolution
		SolutionGuid = {638E2AC8-BEEC-43E8-89CF-E1F60A3D5E7A}
	EndGlobalSection
EndGlobal
